
Microsoft Visual Studio Solution File, Format Version 12.00
# Visual Studio Version 17
VisualStudioVersion = 17.4.33213.308
MinimumVisualStudioVersion = 10.0.40219.1
Project("{FAE04EC0-301F-11D3-BF4B-00C04F79EFBC}") = "EvenNumbers", "EvenNumbers.csproj", "{EFA50338-2D18-40E6-AAA8-C64174C98212}"
EndProject
Global
	GlobalSection(SolutionConfigurationPlatforms) = preSolution
		Debug|Any CPU = Debug|Any CPU
		Release|Any CPU = Release|Any CPU
	EndGlobalSection
	GlobalSection(ProjectConfigurationPlatforms) = postSolution
		{EFA50338-2D18-40E6-AAA8-C64174C98212}.Debug|Any CPU.ActiveCfg = Debug|Any CPU
		{EFA50338-2D18-40E6-AAA8-C64174C98212}.Debug|Any CPU.Build.0 = Debug|Any CPU
		{EFA50338-2D18-40E6-AAA8-C64174C98212}.Release|Any CPU.ActiveCfg = Release|Any CPU
		{EFA50338-2D18-40E6-AAA8-C64174C98212}.Release|Any CPU.Build.0 = Release|Any CPU
	EndGlobalSection
	GlobalSection(SolutionProperties) = preSolution
		HideSolutionNode = FALSE
	EndGlobalSection
	GlobalSection(ExtensibilityGlobals) = postSolution
		SolutionGuid = {F5F4F2CA-1DA1-4381-B3B4-52D606DF1B94}
	EndGlobalSection
EndGlobal
